{
	"name": "ssl-expiry-reminder",
	"version": "0.0.4",
	"lockfileVersion": 1,
	"requires": true,
	"dependencies": {
		"ajv": {
			"version": "6.10.2",
			"resolved": "https://registry.npmjs.org/ajv/-/ajv-6.10.2.tgz",
			"integrity": "sha512-TXtUUEYHuaTEbLZWIKUr5pmBuhDLy+8KYtPYdcV8qC+pOZL+NKqYwvWSRrVXHn+ZmRRAu8vJTAznH7Oag6RVRw==",
			"requires": {
				"fast-deep-equal": "^2.0.1",
				"fast-json-stable-stringify": "^2.0.0",
				"json-schema-traverse": "^0.4.1",
				"uri-js": "^4.2.2"
			}
		},
		"axios": {
			"version": "0.19.0",
			"resolved": "https://registry.npmjs.org/axios/-/axios-0.19.0.tgz",
			"integrity": "sha512-1uvKqKQta3KBxIz14F2v06AEHZ/dIoeKfbTRkK1E5oqjDnuEerLmYTgJB5AiQZHJcljpg1TuRzdjDR06qNk0DQ==",
			"requires": {
				"follow-redirects": "1.5.10",
				"is-buffer": "^2.0.2"
			}
		},
		"commander": {
			"version": "3.0.2",
			"resolved": "https://registry.npmjs.org/commander/-/commander-3.0.2.tgz",
			"integrity": "sha512-Gar0ASD4BDyKC4hl4DwHqDrmvjoxWKZigVnAbn5H1owvm4CxCPdb0HQDehwNYMJpla5+M2tPmPARzhtYuwpHow=="
		},
		"conf": {
			"version": "6.1.0",
			"resolved": "https://registry.npmjs.org/conf/-/conf-6.1.0.tgz",
			"integrity": "sha512-NjzT0zGZ7iy88ybk4ysz4YDMcGTEJzS2wFNKyQd1ChqcZfF6IKY1j+1+q5Dubu8si2skcMfA86t13vNz1mJckA==",
			"requires": {
				"ajv": "^6.10.2",
				"debounce-fn": "^3.0.1",
				"dot-prop": "^5.0.0",
				"env-paths": "^2.2.0",
				"json-schema-typed": "^7.0.1",
				"make-dir": "^3.0.0",
				"onetime": "^5.1.0",
				"pkg-up": "^3.0.1",
				"semver": "^6.2.0",
				"write-file-atomic": "^3.0.0"
			}
		},
		"debounce-fn": {
			"version": "3.0.1",
			"resolved": "https://registry.npmjs.org/debounce-fn/-/debounce-fn-3.0.1.tgz",
			"integrity": "sha512-aBoJh5AhpqlRoHZjHmOzZlRx+wz2xVwGL9rjs+Kj0EWUrL4/h4K7OD176thl2Tdoqui/AaA4xhHrNArGLAaI3Q==",
			"requires": {
				"mimic-fn": "^2.1.0"
			}
		},
		"debug": {
			"version": "3.1.0",
			"resolved": "https://registry.npmjs.org/debug/-/debug-3.1.0.tgz",
			"integrity": "sha512-OX8XqP7/1a9cqkxYw2yXss15f26NKWBpDXQd0/uK/KPqdQhxbPa994hnzjcE2VqQpDslf55723cKPUOGSmMY3g==",
			"requires": {
				"ms": "2.0.0"
			}
		},
		"dot-prop": {
			"version": "5.1.0",
			"resolved": "https://registry.npmjs.org/dot-prop/-/dot-prop-5.1.0.tgz",
			"integrity": "sha512-n1oC6NBF+KM9oVXtjmen4Yo7HyAVWV2UUl50dCYJdw2924K6dX9bf9TTTWaKtYlRn0FEtxG27KS80ayVLixxJA==",
			"requires": {
				"is-obj": "^2.0.0"
			}
		},
		"env-paths": {
			"version": "2.2.0",
			"resolved": "https://registry.npmjs.org/env-paths/-/env-paths-2.2.0.tgz",
			"integrity": "sha512-6u0VYSCo/OW6IoD5WCLLy9JUGARbamfSavcNXry/eu8aHVFei6CD3Sw+VGX5alea1i9pgPHW0mbu6Xj0uBh7gA=="
		},
		"fast-deep-equal": {
			"version": "2.0.1",
			"resolved": "https://registry.npmjs.org/fast-deep-equal/-/fast-deep-equal-2.0.1.tgz",
			"integrity": "sha1-ewUhjd+WZ79/Nwv3/bLLFf3Qqkk="
		},
		"fast-json-stable-stringify": {
			"version": "2.0.0",
			"resolved": "https://registry.npmjs.org/fast-json-stable-stringify/-/fast-json-stable-stringify-2.0.0.tgz",
			"integrity": "sha1-1RQsDK7msRifh9OnYREGT4bIu/I="
		},
		"find-up": {
			"version": "3.0.0",
			"resolved": "https://registry.npmjs.org/find-up/-/find-up-3.0.0.tgz",
			"integrity": "sha512-1yD6RmLI1XBfxugvORwlck6f75tYL+iR0jqwsOrOxMZyGYqUuDhJ0l4AXdO1iX/FTs9cBAMEk1gWSEx1kSbylg==",
			"requires": {
				"locate-path": "^3.0.0"
			}
		},
		"follow-redirects": {
			"version": "1.5.10",
			"resolved": "https://registry.npmjs.org/follow-redirects/-/follow-redirects-1.5.10.tgz",
			"integrity": "sha512-0V5l4Cizzvqt5D44aTXbFZz+FtyXV1vrDN6qrelxtfYQKW0KO0W2T/hkE8xvGa/540LkZlkaUjO4ailYTFtHVQ==",
			"requires": {
				"debug": "=3.1.0"
			}
		},
		"imurmurhash": {
			"version": "0.1.4",
			"resolved": "https://registry.npmjs.org/imurmurhash/-/imurmurhash-0.1.4.tgz",
			"integrity": "sha1-khi5srkoojixPcT7a21XbyMUU+o="
		},
		"is-buffer": {
			"version": "2.0.4",
			"resolved": "https://registry.npmjs.org/is-buffer/-/is-buffer-2.0.4.tgz",
			"integrity": "sha512-Kq1rokWXOPXWuaMAqZiJW4XxsmD9zGx9q4aePabbn3qCRGedtH7Cm+zV8WETitMfu1wdh+Rvd6w5egwSngUX2A=="
		},
		"is-obj": {
			"version": "2.0.0",
			"resolved": "https://registry.npmjs.org/is-obj/-/is-obj-2.0.0.tgz",
			"integrity": "sha512-drqDG3cbczxxEJRoOXcOjtdp1J/lyp1mNn0xaznRs8+muBhgQcrnbspox5X5fOw0HnMnbfDzvnEMEtqDEJEo8w=="
		},
		"is-typedarray": {
			"version": "1.0.0",
			"resolved": "https://registry.npmjs.org/is-typedarray/-/is-typedarray-1.0.0.tgz",
			"integrity": "sha1-5HnICFjfDBsR3dppQPlgEfzaSpo="
		},
		"json-schema-traverse": {
			"version": "0.4.1",
			"resolved": "https://registry.npmjs.org/json-schema-traverse/-/json-schema-traverse-0.4.1.tgz",
			"integrity": "sha512-xbbCH5dCYU5T8LcEhhuh7HJ88HXuW3qsI3Y0zOZFKfZEHcpWiHU/Jxzk629Brsab/mMiHQti9wMP+845RPe3Vg=="
		},
		"json-schema-typed": {
			"version": "7.0.1",
			"resolved": "https://registry.npmjs.org/json-schema-typed/-/json-schema-typed-7.0.1.tgz",
			"integrity": "sha512-IqUK+Cqc8/MqHsCvv1TMccbKdBzoATOLHXZAF5UDu70/CCxo648cHUig24hc+XTK53TyeNk1UeVTlc2Haovtsw=="
		},
		"locate-path": {
			"version": "3.0.0",
			"resolved": "https://registry.npmjs.org/locate-path/-/locate-path-3.0.0.tgz",
			"integrity": "sha512-7AO748wWnIhNqAuaty2ZWHkQHRSNfPVIsPIfwEOWO22AmaoVrWavlOcMR5nzTLNYvp36X220/maaRsrec1G65A==",
			"requires": {
				"p-locate": "^3.0.0",
				"path-exists": "^3.0.0"
			}
		},
		"lodash.toarray": {
			"version": "4.4.0",
			"resolved": "https://registry.npmjs.org/lodash.toarray/-/lodash.toarray-4.4.0.tgz",
			"integrity": "sha1-JMS/zWsvuji/0FlNsRedjptlZWE="
		},
		"make-dir": {
			"version": "3.0.0",
			"resolved": "https://registry.npmjs.org/make-dir/-/make-dir-3.0.0.tgz",
			"integrity": "sha512-grNJDhb8b1Jm1qeqW5R/O63wUo4UXo2v2HMic6YT9i/HBlF93S8jkMgH7yugvY9ABDShH4VZMn8I+U8+fCNegw==",
			"requires": {
				"semver": "^6.0.0"
			}
		},
		"mimic-fn": {
			"version": "2.1.0",
			"resolved": "https://registry.npmjs.org/mimic-fn/-/mimic-fn-2.1.0.tgz",
			"integrity": "sha512-OqbOk5oEQeAZ8WXWydlu9HJjz9WVdEIvamMCcXmuqUYjTknH/sqsWvhQ3vgwKFRR1HpjvNBKQ37nbJgYzGqGcg=="
		},
		"moment": {
			"version": "2.24.0",
			"resolved": "https://registry.npmjs.org/moment/-/moment-2.24.0.tgz",
			"integrity": "sha512-bV7f+6l2QigeBBZSM/6yTNq4P2fNpSWj/0e7jQcy87A8e7o2nAfP/34/2ky5Vw4B9S446EtIhodAzkFCcR4dQg=="
		},
		"ms": {
			"version": "2.0.0",
			"resolved": "https://registry.npmjs.org/ms/-/ms-2.0.0.tgz",
			"integrity": "sha1-VgiurfwAvmwpAd9fmGF4jeDVl8g="
		},
		"node-emoji": {
			"version": "1.10.0",
			"resolved": "https://registry.npmjs.org/node-emoji/-/node-emoji-1.10.0.tgz",
			"integrity": "sha512-Yt3384If5H6BYGVHiHwTL+99OzJKHhgp82S8/dktEK73T26BazdgZ4JZh92xSVtGNJvz9UbXdNAc5hcrXV42vw==",
			"requires": {
				"lodash.toarray": "^4.4.0"
			}
		},
		"onetime": {
			"version": "5.1.0",
			"resolved": "https://registry.npmjs.org/onetime/-/onetime-5.1.0.tgz",
			"integrity": "sha512-5NcSkPHhwTVFIQN+TUqXoS5+dlElHXdpAWu9I0HP20YOtIi+aZ0Ct82jdlILDxjLEAWwvm+qj1m6aEtsDVmm6Q==",
			"requires": {
				"mimic-fn": "^2.1.0"
			}
		},
		"p-limit": {
			"version": "2.2.1",
			"resolved": "https://registry.npmjs.org/p-limit/-/p-limit-2.2.1.tgz",
			"integrity": "sha512-85Tk+90UCVWvbDavCLKPOLC9vvY8OwEX/RtKF+/1OADJMVlFfEHOiMTPVyxg7mk/dKa+ipdHm0OUkTvCpMTuwg==",
			"requires": {
				"p-try": "^2.0.0"
			}
		},
		"p-locate": {
			"version": "3.0.0",
			"resolved": "https://registry.npmjs.org/p-locate/-/p-locate-3.0.0.tgz",
			"integrity": "sha512-x+12w/To+4GFfgJhBEpiDcLozRJGegY+Ei7/z0tSLkMmxGZNybVMSfWj9aJn8Z5Fc7dBUNJOOVgPv2H7IwulSQ==",
			"requires": {
				"p-limit": "^2.0.0"
			}
		},
		"p-try": {
			"version": "2.2.0",
			"resolved": "https://registry.npmjs.org/p-try/-/p-try-2.2.0.tgz",
			"integrity": "sha512-R4nPAVTAU0B9D35/Gk3uJf/7XYbQcyohSKdvAxIRSNghFl4e71hVoGnBNQz9cWaXxO2I10KTC+3jMdvvoKw6dQ=="
		},
		"path-exists": {
			"version": "3.0.0",
			"resolved": "https://registry.npmjs.org/path-exists/-/path-exists-3.0.0.tgz",
			"integrity": "sha1-zg6+ql94yxiSXqfYENe1mwEP1RU="
		},
		"pkg-up": {
			"version": "3.1.0",
			"resolved": "https://registry.npmjs.org/pkg-up/-/pkg-up-3.1.0.tgz",
			"integrity": "sha512-nDywThFk1i4BQK4twPQ6TA4RT8bDY96yeuCVBWL3ePARCiEKDRSrNGbFIgUJpLp+XeIR65v8ra7WuJOFUBtkMA==",
			"requires": {
				"find-up": "^3.0.0"
			}
		},
		"punycode": {
			"version": "2.1.1",
			"resolved": "https://registry.npmjs.org/punycode/-/punycode-2.1.1.tgz",
			"integrity": "sha512-XRsRjdf+j5ml+y/6GKHPZbrF/8p2Yga0JPtdqTIY2Xe5ohJPD9saDJJLPvp9+NSBprVvevdXZybnj2cv8OEd0A=="
		},
		"semver": {
			"version": "6.3.0",
			"resolved": "https://registry.npmjs.org/semver/-/semver-6.3.0.tgz",
			"integrity": "sha512-b39TBaTSfV6yBrapU89p5fKekE2m/NwnDocOVruQFS1/veMgdzuPcnOM34M6CwxW8jH/lxEa5rBoDeUwu5HHTw=="
		},
		"signal-exit": {
			"version": "3.0.2",
			"resolved": "https://registry.npmjs.org/signal-exit/-/signal-exit-3.0.2.tgz",
			"integrity": "sha1-tf3AjxKH6hF4Yo5BXiUTK3NkbG0="
		},
		"ssl-checker": {
			"version": "2.0.4",
			"resolved": "https://registry.npmjs.org/ssl-checker/-/ssl-checker-2.0.4.tgz",
			"integrity": "sha512-t9Emt1283wReNVN6lVZrJM6tj2HqTwJDG6qKxVsLTX8QNvUwj9lh/tWUm8xc2HjSmV2J77zNdqKa1LF5hIoXsw=="
		},
		"typedarray-to-buffer": {
			"version": "3.1.5",
			"resolved": "https://registry.npmjs.org/typedarray-to-buffer/-/typedarray-to-buffer-3.1.5.tgz",
			"integrity": "sha512-zdu8XMNEDepKKR+XYOXAVPtWui0ly0NtohUscw+UmaHiAWT8hrV1rr//H6V+0DvJ3OQ19S979M0laLfX8rm82Q==",
			"requires": {
				"is-typedarray": "^1.0.0"
			}
		},
		"uri-js": {
			"version": "4.2.2",
			"resolved": "https://registry.npmjs.org/uri-js/-/uri-js-4.2.2.tgz",
			"integrity": "sha512-KY9Frmirql91X2Qgjry0Wd4Y+YTdrdZheS8TFwvkbLWf/G5KNJDCh6pKL5OZctEW4+0Baa5idK2ZQuELRwPznQ==",
			"requires": {
				"punycode": "^2.1.0"
			}
		},
		"write-file-atomic": {
			"version": "3.0.0",
			"resolved": "https://registry.npmjs.org/write-file-atomic/-/write-file-atomic-3.0.0.tgz",
			"integrity": "sha512-EIgkf60l2oWsffja2Sf2AL384dx328c0B+cIYPTQq5q2rOYuDV00/iPFBOUiDKKwKMOhkymH8AidPaRvzfxY+Q==",
			"requires": {
				"imurmurhash": "^0.1.4",
				"is-typedarray": "^1.0.0",
				"signal-exit": "^3.0.2",
				"typedarray-to-buffer": "^3.1.5"
			}
		}
	}
}
